
Microsoft Visual Studio Solution File, Format Version 12.00
# Visual Studio 15
VisualStudioVersion = 15.0.28307.757
MinimumVisualStudioVersion = 10.0.40219.1
Project("{FAE04EC0-301F-11D3-BF4B-00C04F79EFBC}") = "aplikimi", "aplikimi\aplikimi.csproj", "{57AF0302-2C49-4AC8-86B1-CFA3CAEFE0ED}"
EndProject
Global
	GlobalSection(SolutionConfigurationPlatforms) = preSolution
		Debug|Any CPU = Debug|Any CPU
		Release|Any CPU = Release|Any CPU
	EndGlobalSection
	GlobalSection(ProjectConfigurationPlatforms) = postSolution
		{57AF0302-2C49-4AC8-86B1-CFA3CAEFE0ED}.Debug|Any CPU.ActiveCfg = Debug|Any CPU
		{57AF0302-2C49-4AC8-86B1-CFA3CAEFE0ED}.Debug|Any CPU.Build.0 = Debug|Any CPU
		{57AF0302-2C49-4AC8-86B1-CFA3CAEFE0ED}.Release|Any CPU.ActiveCfg = Release|Any CPU
		{57AF0302-2C49-4AC8-86B1-CFA3CAEFE0ED}.Release|Any CPU.Build.0 = Release|Any CPU
	EndGlobalSection
	GlobalSection(SolutionProperties) = preSolution
		HideSolutionNode = FALSE
	EndGlobalSection
	GlobalSection(ExtensibilityGlobals) = postSolution
		SolutionGuid = {3D631903-5BFA-4090-8E27-E17CF116AA01}
	EndGlobalSection
EndGlobal
